
Microsoft Visual Studio Solution File, Format Version 12.00
# Visual Studio Version 17
VisualStudioVersion = 17.3.32825.248
MinimumVisualStudioVersion = 10.0.40219.1
Project("{8BC9CEB8-8B4A-11D0-8D11-00A0C91BC942}") = "курсовая111", "курсовая111\курсовая111.vcxproj", "{595CD96C-4348-4178-B9BF-FDCBD1DDD00B}"
EndProject
Global
	GlobalSection(SolutionConfigurationPlatforms) = preSolution
		Debug|x64 = Debug|x64
		Debug|x86 = Debug|x86
		Release|x64 = Release|x64
		Release|x86 = Release|x86
	EndGlobalSection
	GlobalSection(ProjectConfigurationPlatforms) = postSolution
		{595CD96C-4348-4178-B9BF-FDCBD1DDD00B}.Debug|x64.ActiveCfg = Debug|x64
		{595CD96C-4348-4178-B9BF-FDCBD1DDD00B}.Debug|x64.Build.0 = Debug|x64
		{595CD96C-4348-4178-B9BF-FDCBD1DDD00B}.Debug|x86.ActiveCfg = Debug|Win32
		{595CD96C-4348-4178-B9BF-FDCBD1DDD00B}.Debug|x86.Build.0 = Debug|Win32
		{595CD96C-4348-4178-B9BF-FDCBD1DDD00B}.Release|x64.ActiveCfg = Release|x64
		{595CD96C-4348-4178-B9BF-FDCBD1DDD00B}.Release|x64.Build.0 = Release|x64
		{595CD96C-4348-4178-B9BF-FDCBD1DDD00B}.Release|x86.ActiveCfg = Release|Win32
		{595CD96C-4348-4178-B9BF-FDCBD1DDD00B}.Release|x86.Build.0 = Release|Win32
	EndGlobalSection
	GlobalSection(SolutionProperties) = preSolution
		HideSolutionNode = FALSE
	EndGlobalSection
	GlobalSection(ExtensibilityGlobals) = postSolution
		SolutionGuid = {B88ABF43-86D0-424A-BBB7-79AE7E540CD4}
	EndGlobalSection
EndGlobal
